
Microsoft Visual Studio Solution File, Format Version 11.00
# Visual Studio 2010
Project("{FAE04EC0-301F-11D3-BF4B-00C04F79EFBC}") = "training", "training\training.csproj", "{74E45196-6270-4D49-BC84-3580B7406E80}"
EndProject
Project("{FAE04EC0-301F-11D3-BF4B-00C04F79EFBC}") = "Visor.ShoppingCart.DAL", "Visor.ShoppingCart.DAL\Visor.ShoppingCart.DAL.csproj", "{3DFE96D8-E04D-45CF-B070-E2B7F47A36F8}"
EndProject
Project("{FAE04EC0-301F-11D3-BF4B-00C04F79EFBC}") = "Visor.ShoppingCart.Core", "Visor.ShoppingCart.DTO\Visor.ShoppingCart.Core.csproj", "{645CC17A-880F-498D-9634-B5BA4E45F568}"
EndProject
Global
	GlobalSection(SolutionConfigurationPlatforms) = preSolution
		Debug|Any CPU = Debug|Any CPU
		Release|Any CPU = Release|Any CPU
	EndGlobalSection
	GlobalSection(ProjectConfigurationPlatforms) = postSolution
		{74E45196-6270-4D49-BC84-3580B7406E80}.Debug|Any CPU.ActiveCfg = Debug|Any CPU
		{74E45196-6270-4D49-BC84-3580B7406E80}.Debug|Any CPU.Build.0 = Debug|Any CPU
		{74E45196-6270-4D49-BC84-3580B7406E80}.Release|Any CPU.ActiveCfg = Release|Any CPU
		{74E45196-6270-4D49-BC84-3580B7406E80}.Release|Any CPU.Build.0 = Release|Any CPU
		{3DFE96D8-E04D-45CF-B070-E2B7F47A36F8}.Debug|Any CPU.ActiveCfg = Debug|Any CPU
		{3DFE96D8-E04D-45CF-B070-E2B7F47A36F8}.Debug|Any CPU.Build.0 = Debug|Any CPU
		{3DFE96D8-E04D-45CF-B070-E2B7F47A36F8}.Release|Any CPU.ActiveCfg = Release|Any CPU
		{3DFE96D8-E04D-45CF-B070-E2B7F47A36F8}.Release|Any CPU.Build.0 = Release|Any CPU
		{645CC17A-880F-498D-9634-B5BA4E45F568}.Debug|Any CPU.ActiveCfg = Debug|Any CPU
		{645CC17A-880F-498D-9634-B5BA4E45F568}.Debug|Any CPU.Build.0 = Debug|Any CPU
		{645CC17A-880F-498D-9634-B5BA4E45F568}.Release|Any CPU.ActiveCfg = Release|Any CPU
		{645CC17A-880F-498D-9634-B5BA4E45F568}.Release|Any CPU.Build.0 = Release|Any CPU
	EndGlobalSection
	GlobalSection(SolutionProperties) = preSolution
		HideSolutionNode = FALSE
	EndGlobalSection
EndGlobal
